{
  "name": "@sourceloop/search-client",
  "version": "7.0.1",
  "lockfileVersion": 3,
  "requires": true,
  "packages": {
    "": {
      "name": "@sourceloop/search-client",
      "version": "7.0.1",
      "license": "MIT",
      "dependencies": {
        "tslib": "^2.2.0"
      },
      "devDependencies": {
        "@angular/elements": "^18.2.0",
        "@types/fs-extra": "^11.0.1"
      },
      "peerDependencies": {
        "@angular/animations": "^18.2.0",
        "@angular/cdk": "^18.2.0",
        "@angular/common": "^18.2.0",
        "@angular/compiler": "^18.2.0",
        "@angular/core": "^18.2.0",
        "@angular/elements": "^18.2.0",
        "@angular/flex-layout": "~15.0.0-beta.42",
        "@angular/forms": "^18.2.0",
        "@angular/material": "^18.2.0",
        "@angular/platform-browser": "^18.2.0",
        "@angular/platform-browser-dynamic": "^18.2.0",
        "@angular/router": "^18.2.0",
        "rxjs": "~7.8.1",
        "zone.js": "~0.14.3"
      }
    },
    "node_modules/@angular/animations": {
      "version": "18.2.13",
      "resolved": "https://registry.npmjs.org/@angular/animations/-/animations-18.2.13.tgz",
      "integrity": "sha512-rG5J5Ek5Hg+Tz2NjkNOaG6PupiNK/lPfophXpsR1t/nWujqnMWX2krahD/i6kgD+jNWNKCJCYSOVvCx/BHOtKA==",
      "license": "MIT",
      "peer": true,
      "dependencies": {
        "tslib": "^2.3.0"
      },
      "engines": {
        "node": "^18.19.1 || ^20.11.1 || >=22.0.0"
      },
      "peerDependencies": {
        "@angular/core": "18.2.13"
      }
    },
    "node_modules/@angular/cdk": {
      "version": "18.2.14",
      "resolved": "https://registry.npmjs.org/@angular/cdk/-/cdk-18.2.14.tgz",
      "integrity": "sha512-vDyOh1lwjfVk9OqoroZAP8pf3xxKUvyl+TVR8nJxL4c5fOfUFkD7l94HaanqKSRwJcI2xiztuu92IVoHn8T33Q==",
      "license": "MIT",
      "peer": true,
      "dependencies": {
        "tslib": "^2.3.0"
      },
      "optionalDependencies": {
        "parse5": "^7.1.2"
      },
      "peerDependencies": {
        "@angular/common": "^18.0.0 || ^19.0.0",
        "@angular/core": "^18.0.0 || ^19.0.0",
        "rxjs": "^6.5.3 || ^7.4.0"
      }
    },
    "node_modules/@angular/common": {
      "version": "18.2.13",
      "resolved": "https://registry.npmjs.org/@angular/common/-/common-18.2.13.tgz",
      "integrity": "sha512-4ZqrNp1PoZo7VNvW+sbSc2CB2axP1sCH2wXl8B0wdjsj8JY1hF1OhuugwhpAHtGxqewed2kCXayE+ZJqSTV4jw==",
      "license": "MIT",
      "peer": true,
      "dependencies": {
        "tslib": "^2.3.0"
      },
      "engines": {
        "node": "^18.19.1 || ^20.11.1 || >=22.0.0"
      },
      "peerDependencies": {
        "@angular/core": "18.2.13",
        "rxjs": "^6.5.3 || ^7.4.0"
      }
    },
    "node_modules/@angular/compiler": {
      "version": "18.2.13",
      "resolved": "https://registry.npmjs.org/@angular/compiler/-/compiler-18.2.13.tgz",
      "integrity": "sha512-TzWcrkopyjFF+WeDr2cRe8CcHjU72KfYV3Sm2TkBkcXrkYX5sDjGWrBGrG3hRB4e4okqchrOCvm1MiTdy2vKMA==",
      "license": "MIT",
      "peer": true,
      "dependencies": {
        "tslib": "^2.3.0"
      },
      "engines": {
        "node": "^18.19.1 || ^20.11.1 || >=22.0.0"
      },
      "peerDependencies": {
        "@angular/core": "18.2.13"
      },
      "peerDependenciesMeta": {
        "@angular/core": {
          "optional": true
        }
      }
    },
    "node_modules/@angular/core": {
      "version": "18.2.13",
      "resolved": "https://registry.npmjs.org/@angular/core/-/core-18.2.13.tgz",
      "integrity": "sha512-8mbWHMgO95OuFV1Ejy4oKmbe9NOJ3WazQf/f7wks8Bck7pcihd0IKhlPBNjFllbF5o+04EYSwFhEtvEgjMDClA==",
      "license": "MIT",
      "peer": true,
      "dependencies": {
        "tslib": "^2.3.0"
      },
      "engines": {
        "node": "^18.19.1 || ^20.11.1 || >=22.0.0"
      },
      "peerDependencies": {
        "rxjs": "^6.5.3 || ^7.4.0",
        "zone.js": "~0.14.10"
      }
    },
    "node_modules/@angular/elements": {
      "version": "18.2.13",
      "resolved": "https://registry.npmjs.org/@angular/elements/-/elements-18.2.13.tgz",
      "integrity": "sha512-yahRkXWgFolpWMeVsTIlWYwoq4Bsz6wrfS4b+TKHIZbTCyRUlJ5zBFecpYMwgmVuQDJZp+WkUWZV2Qg7kLJR5w==",
      "dev": true,
      "license": "MIT",
      "dependencies": {
        "tslib": "^2.3.0"
      },
      "engines": {
        "node": "^18.19.1 || ^20.11.1 || >=22.0.0"
      },
      "peerDependencies": {
        "@angular/core": "18.2.13",
        "rxjs": "^6.5.3 || ^7.4.0"
      }
    },
    "node_modules/@angular/flex-layout": {
      "version": "15.0.0-beta.42",
      "resolved": "https://registry.npmjs.org/@angular/flex-layout/-/flex-layout-15.0.0-beta.42.tgz",
      "integrity": "sha512-cTAPVMMxnyIFwpZwdq0PL5mdP9Qh+R8MB7ZBezVaN3Rz2fRrkagzKpLvPX3TFzepXrvHBdpKsU4b8u+NxEC/6g==",
      "deprecated": "This package has been deprecated. Please see https://blog.angular.io/modern-css-in-angular-layouts-4a259dca9127",
      "license": "MIT",
      "peer": true,
      "dependencies": {
        "tslib": "^2.3.0"
      },
      "peerDependencies": {
        "@angular/cdk": ">=15.0.0",
        "@angular/common": ">=15.0.2",
        "@angular/core": ">=15.0.2",
        "@angular/platform-browser": ">=15.0.2",
        "rxjs": "^6.5.3 || ^7.4.0"
      }
    },
    "node_modules/@angular/forms": {
      "version": "18.2.13",
      "resolved": "https://registry.npmjs.org/@angular/forms/-/forms-18.2.13.tgz",
      "integrity": "sha512-A67D867fu3DSBhdLWWZl/F5pr7v2+dRM2u3U7ZJ0ewh4a+sv+0yqWdJW+a8xIoiHxS+btGEJL2qAKJiH+MCFfg==",
      "license": "MIT",
      "peer": true,
      "dependencies": {
        "tslib": "^2.3.0"
      },
      "engines": {
        "node": "^18.19.1 || ^20.11.1 || >=22.0.0"
      },
      "peerDependencies": {
        "@angular/common": "18.2.13",
        "@angular/core": "18.2.13",
        "@angular/platform-browser": "18.2.13",
        "rxjs": "^6.5.3 || ^7.4.0"
      }
    },
    "node_modules/@angular/material": {
      "version": "18.2.14",
      "resolved": "https://registry.npmjs.org/@angular/material/-/material-18.2.14.tgz",
      "integrity": "sha512-28pxzJP49Mymt664WnCtPkKeg7kXUsQKTKGf/Kl95rNTEdTJLbnlcc8wV0rT0yQNR7kXgpfBnG7h0ETLv/iu5Q==",
      "license": "MIT",
      "peer": true,
      "dependencies": {
        "tslib": "^2.3.0"
      },
      "peerDependencies": {
        "@angular/animations": "^18.0.0 || ^19.0.0",
        "@angular/cdk": "18.2.14",
        "@angular/common": "^18.0.0 || ^19.0.0",
        "@angular/core": "^18.0.0 || ^19.0.0",
        "@angular/forms": "^18.0.0 || ^19.0.0",
        "@angular/platform-browser": "^18.0.0 || ^19.0.0",
        "rxjs": "^6.5.3 || ^7.4.0"
      }
    },
    "node_modules/@angular/platform-browser": {
      "version": "18.2.13",
      "resolved": "https://registry.npmjs.org/@angular/platform-browser/-/platform-browser-18.2.13.tgz",
      "integrity": "sha512-tu7ZzY6qD3ATdWFzcTcsAKe7M6cJeWbT/4/bF9unyGO3XBPcNYDKoiz10+7ap2PUd0fmPwvuvTvSNJiFEBnB8Q==",
      "license": "MIT",
      "peer": true,
      "dependencies": {
        "tslib": "^2.3.0"
      },
      "engines": {
        "node": "^18.19.1 || ^20.11.1 || >=22.0.0"
      },
      "peerDependencies": {
        "@angular/animations": "18.2.13",
        "@angular/common": "18.2.13",
        "@angular/core": "18.2.13"
      },
      "peerDependenciesMeta": {
        "@angular/animations": {
          "optional": true
        }
      }
    },
    "node_modules/@angular/platform-browser-dynamic": {
      "version": "18.2.13",
      "resolved": "https://registry.npmjs.org/@angular/platform-browser-dynamic/-/platform-browser-dynamic-18.2.13.tgz",
      "integrity": "sha512-kbQCf9+8EpuJC7buBxhSiwBtXvjAwAKh6MznD6zd2pyCYqfY6gfRCZQRtK59IfgVtKmEONWI9grEyNIRoTmqJg==",
      "license": "MIT",
      "peer": true,
      "dependencies": {
        "tslib": "^2.3.0"
      },
      "engines": {
        "node": "^18.19.1 || ^20.11.1 || >=22.0.0"
      },
      "peerDependencies": {
        "@angular/common": "18.2.13",
        "@angular/compiler": "18.2.13",
        "@angular/core": "18.2.13",
        "@angular/platform-browser": "18.2.13"
      }
    },
    "node_modules/@angular/router": {
      "version": "18.2.13",
      "resolved": "https://registry.npmjs.org/@angular/router/-/router-18.2.13.tgz",
      "integrity": "sha512-VKmfgi/r/CkyBq9nChQ/ptmfu0JT/8ONnLVJ5H+SkFLRYJcIRyHLKjRihMCyVm6xM5yktOdCaW73NTQrFz7+bg==",
      "license": "MIT",
      "peer": true,
      "dependencies": {
        "tslib": "^2.3.0"
      },
      "engines": {
        "node": "^18.19.1 || ^20.11.1 || >=22.0.0"
      },
      "peerDependencies": {
        "@angular/common": "18.2.13",
        "@angular/core": "18.2.13",
        "@angular/platform-browser": "18.2.13",
        "rxjs": "^6.5.3 || ^7.4.0"
      }
    },
    "node_modules/@types/fs-extra": {
      "version": "11.0.4",
      "resolved": "https://registry.npmjs.org/@types/fs-extra/-/fs-extra-11.0.4.tgz",
      "integrity": "sha512-yTbItCNreRooED33qjunPthRcSjERP1r4MqCZc7wv0u2sUkzTFp45tgUfS5+r7FrZPdmCCNflLhVSP/o+SemsQ==",
      "dev": true,
      "license": "MIT",
      "dependencies": {
        "@types/jsonfile": "*",
        "@types/node": "*"
      }
    },
    "node_modules/@types/jsonfile": {
      "version": "6.1.4",
      "resolved": "https://registry.npmjs.org/@types/jsonfile/-/jsonfile-6.1.4.tgz",
      "integrity": "sha512-D5qGUYwjvnNNextdU59/+fI+spnwtTFmyQP0h+PfIOSkNfpU6AOICUOkm4i0OnSk+NyjdPJrxCDro0sJsWlRpQ==",
      "dev": true,
      "license": "MIT",
      "dependencies": {
        "@types/node": "*"
      }
    },
    "node_modules/@types/node": {
      "version": "24.2.0",
      "resolved": "https://registry.npmjs.org/@types/node/-/node-24.2.0.tgz",
      "integrity": "sha512-3xyG3pMCq3oYCNg7/ZP+E1ooTaGB4cG8JWRsqqOYQdbWNY4zbaV0Ennrd7stjiJEFZCaybcIgpTjJWHRfBSIDw==",
      "dev": true,
      "license": "MIT",
      "dependencies": {
        "undici-types": "~7.10.0"
      }
    },
    "node_modules/entities": {
      "version": "6.0.1",
      "resolved": "https://registry.npmjs.org/entities/-/entities-6.0.1.tgz",
      "integrity": "sha512-aN97NXWF6AWBTahfVOIrB/NShkzi5H7F9r1s9mD3cDj4Ko5f2qhhVoYMibXF7GlLveb/D2ioWay8lxI97Ven3g==",
      "license": "BSD-2-Clause",
      "optional": true,
      "peer": true,
      "engines": {
        "node": ">=0.12"
      },
      "funding": {
        "url": "https://github.com/fb55/entities?sponsor=1"
      }
    },
    "node_modules/parse5": {
      "version": "7.3.0",
      "resolved": "https://registry.npmjs.org/parse5/-/parse5-7.3.0.tgz",
      "integrity": "sha512-IInvU7fabl34qmi9gY8XOVxhYyMyuH2xUNpb2q8/Y+7552KlejkRvqvD19nMoUW/uQGGbqNpA6Tufu5FL5BZgw==",
      "license": "MIT",
      "optional": true,
      "peer": true,
      "dependencies": {
        "entities": "^6.0.0"
      },
      "funding": {
        "url": "https://github.com/inikulin/parse5?sponsor=1"
      }
    },
    "node_modules/rxjs": {
      "version": "7.8.2",
      "resolved": "https://registry.npmjs.org/rxjs/-/rxjs-7.8.2.tgz",
      "integrity": "sha512-dhKf903U/PQZY6boNNtAGdWbG85WAbjT/1xYoZIC7FAY0yWapOBQVsVrDl58W86//e1VpMNBtRV4MaXfdMySFA==",
      "license": "Apache-2.0",
      "peer": true,
      "dependencies": {
        "tslib": "^2.1.0"
      }
    },
    "node_modules/tslib": {
      "version": "2.8.1",
      "resolved": "https://registry.npmjs.org/tslib/-/tslib-2.8.1.tgz",
      "integrity": "sha512-oJFu94HQb+KVduSUQL7wnpmqnfmLsOA/nAh6b6EH0wCEoK0/mPeXU6c3wKDV83MkOuHPRHtSXKKU99IBazS/2w==",
      "license": "0BSD"
    },
    "node_modules/undici-types": {
      "version": "7.10.0",
      "resolved": "https://registry.npmjs.org/undici-types/-/undici-types-7.10.0.tgz",
      "integrity": "sha512-t5Fy/nfn+14LuOc2KNYg75vZqClpAiqscVvMygNnlsHBFpSXdJaYtXMcdNLpl/Qvc3P2cB3s6lOV51nqsFq4ag==",
      "dev": true,
      "license": "MIT"
    },
    "node_modules/zone.js": {
      "version": "0.14.10",
      "resolved": "https://registry.npmjs.org/zone.js/-/zone.js-0.14.10.tgz",
      "integrity": "sha512-YGAhaO7J5ywOXW6InXNlLmfU194F8lVgu7bRntUF3TiG8Y3nBK0x1UJJuHUP/e8IyihkjCYqhCScpSwnlaSRkQ==",
      "license": "MIT",
      "peer": true
    }
  }
}
