{
  "name": "@sourceloop/search-client",
  "version": "6.0.1",
  "lockfileVersion": 3,
  "requires": true,
  "packages": {
    "": {
      "name": "@sourceloop/search-client",
      "version": "5.4.1",
      "license": "MIT",
      "dependencies": {
        "tslib": "^2.2.0"
      },
      "devDependencies": {
        "@angular/elements": "^14.0.1",
        "@types/fs-extra": "^11.0.1"
      },
      "peerDependencies": {
        "@angular/animations": "^14.0.1",
        "@angular/cdk": "^14.0.1",
        "@angular/common": "^14.0.1",
        "@angular/compiler": "^14.0.1",
        "@angular/core": "^14.0.1",
        "@angular/elements": "^14.0.1",
        "@angular/flex-layout": "~14.0.0-beta.39",
        "@angular/forms": "^14.0.1",
        "@angular/material": "^14.0.1",
        "@angular/platform-browser": "^14.0.1",
        "@angular/platform-browser-dynamic": "^14.0.1",
        "@angular/router": "^14.0.1",
        "rxjs": "~7.5.5",
        "zone.js": "~0.11.5"
      }
    },
    "node_modules/@angular/animations": {
      "version": "14.3.0",
      "resolved": "https://registry.npmjs.org/@angular/animations/-/animations-14.3.0.tgz",
      "integrity": "sha512-QoBcIKy1ZiU+4qJsAh5Ls20BupWiXiZzKb0s6L9/dntPt5Msr4Ao289XR2P6O1L+kTsCprH9Kt41zyGQ/bkRqg==",
      "peer": true,
      "dependencies": {
        "tslib": "^2.3.0"
      },
      "engines": {
        "node": "^14.15.0 || >=16.10.0"
      },
      "peerDependencies": {
        "@angular/core": "14.3.0"
      }
    },
    "node_modules/@angular/cdk": {
      "version": "14.2.7",
      "resolved": "https://registry.npmjs.org/@angular/cdk/-/cdk-14.2.7.tgz",
      "integrity": "sha512-/tEsYaUbDSnfEmKVvAMramIptmhI67O+9STjOV0i+74XR2NospeK0fkbywIANu1n3w6AHGMotvRWJrjmbCElFg==",
      "peer": true,
      "dependencies": {
        "tslib": "^2.3.0"
      },
      "optionalDependencies": {
        "parse5": "^5.0.0"
      },
      "peerDependencies": {
        "@angular/common": "^14.0.0 || ^15.0.0",
        "@angular/core": "^14.0.0 || ^15.0.0",
        "rxjs": "^6.5.3 || ^7.4.0"
      }
    },
    "node_modules/@angular/common": {
      "version": "14.3.0",
      "resolved": "https://registry.npmjs.org/@angular/common/-/common-14.3.0.tgz",
      "integrity": "sha512-pV9oyG3JhGWeQ+TFB0Qub6a1VZWMNZ6/7zEopvYivdqa5yDLLDSBRWb6P80RuONXyGnM1pa7l5nYopX+r/23GQ==",
      "peer": true,
      "dependencies": {
        "tslib": "^2.3.0"
      },
      "engines": {
        "node": "^14.15.0 || >=16.10.0"
      },
      "peerDependencies": {
        "@angular/core": "14.3.0",
        "rxjs": "^6.5.3 || ^7.4.0"
      }
    },
    "node_modules/@angular/compiler": {
      "version": "14.3.0",
      "resolved": "https://registry.npmjs.org/@angular/compiler/-/compiler-14.3.0.tgz",
      "integrity": "sha512-E15Rh0t3vA+bctbKnBCaDmLvc3ix+ZBt6yFZmhZalReQ+KpOlvOJv+L9oiFEgg+rYVl2QdvN7US1fvT0PqswLw==",
      "peer": true,
      "dependencies": {
        "tslib": "^2.3.0"
      },
      "engines": {
        "node": "^14.15.0 || >=16.10.0"
      },
      "peerDependencies": {
        "@angular/core": "14.3.0"
      },
      "peerDependenciesMeta": {
        "@angular/core": {
          "optional": true
        }
      }
    },
    "node_modules/@angular/core": {
      "version": "14.3.0",
      "resolved": "https://registry.npmjs.org/@angular/core/-/core-14.3.0.tgz",
      "integrity": "sha512-wYiwItc0Uyn4FWZ/OAx/Ubp2/WrD3EgUJ476y1XI7yATGPF8n9Ld5iCXT08HOvc4eBcYlDfh90kTXR6/MfhzdQ==",
      "peer": true,
      "dependencies": {
        "tslib": "^2.3.0"
      },
      "engines": {
        "node": "^14.15.0 || >=16.10.0"
      },
      "peerDependencies": {
        "rxjs": "^6.5.3 || ^7.4.0",
        "zone.js": "~0.11.4 || ~0.12.0"
      }
    },
    "node_modules/@angular/elements": {
      "version": "14.3.0",
      "resolved": "https://registry.npmjs.org/@angular/elements/-/elements-14.3.0.tgz",
      "integrity": "sha512-fIg8IOD2R36v3SZ8yQEwTC8T71Hk0lbJFJXaOUZDZ6MfwdT8mMkFCujPRXOF0+p/ZnOiq2EhBwuPdjmKTf7XHA==",
      "dev": true,
      "dependencies": {
        "tslib": "^2.3.0"
      },
      "engines": {
        "node": "^14.15.0 || >=16.10.0"
      },
      "peerDependencies": {
        "@angular/core": "14.3.0",
        "rxjs": "^6.5.3 || ^7.4.0"
      }
    },
    "node_modules/@angular/flex-layout": {
      "version": "14.0.0-beta.41",
      "resolved": "https://registry.npmjs.org/@angular/flex-layout/-/flex-layout-14.0.0-beta.41.tgz",
      "integrity": "sha512-x1YcxqkdFlcbVXEy9ebCgW/F+7n/MXkEkwEcVEIPf5v5qn7HZsjQxgIj35Lf0amvMyF7h35prpoxO1uX5+ntFg==",
      "deprecated": "This package has been deprecated. Please see https://blog.angular.io/modern-css-in-angular-layouts-4a259dca9127",
      "peer": true,
      "dependencies": {
        "tslib": "^2.3.0"
      },
      "peerDependencies": {
        "@angular/cdk": "^14.0.0",
        "@angular/common": "^14.0.0",
        "@angular/core": "^14.0.0",
        "@angular/platform-browser": "^14.0.0",
        "rxjs": "^6.5.3 || ^7.4.0"
      }
    },
    "node_modules/@angular/forms": {
      "version": "14.3.0",
      "resolved": "https://registry.npmjs.org/@angular/forms/-/forms-14.3.0.tgz",
      "integrity": "sha512-fBZZC2UFMom2AZPjGQzROPXFWO6kvCsPDKctjJwClVC8PuMrkm+RRyiYRdBbt2qxWHEqOZM2OCQo73xUyZOYHw==",
      "peer": true,
      "dependencies": {
        "tslib": "^2.3.0"
      },
      "engines": {
        "node": "^14.15.0 || >=16.10.0"
      },
      "peerDependencies": {
        "@angular/common": "14.3.0",
        "@angular/core": "14.3.0",
        "@angular/platform-browser": "14.3.0",
        "rxjs": "^6.5.3 || ^7.4.0"
      }
    },
    "node_modules/@angular/material": {
      "version": "14.2.7",
      "resolved": "https://registry.npmjs.org/@angular/material/-/material-14.2.7.tgz",
      "integrity": "sha512-WXHh8pEStpgkXZJmYOg2cI8BSHkV82ET4XTJCNPdveumaCn1UYnaNzsXD13kw5z+zmy8CufhFEzdXTrv/yt7KQ==",
      "peer": true,
      "dependencies": {
        "tslib": "^2.3.0"
      },
      "peerDependencies": {
        "@angular/animations": "^14.0.0 || ^15.0.0",
        "@angular/cdk": "14.2.7",
        "@angular/common": "^14.0.0 || ^15.0.0",
        "@angular/core": "^14.0.0 || ^15.0.0",
        "@angular/forms": "^14.0.0 || ^15.0.0",
        "@angular/platform-browser": "^14.0.0 || ^15.0.0",
        "rxjs": "^6.5.3 || ^7.4.0"
      }
    },
    "node_modules/@angular/platform-browser": {
      "version": "14.3.0",
      "resolved": "https://registry.npmjs.org/@angular/platform-browser/-/platform-browser-14.3.0.tgz",
      "integrity": "sha512-w9Y3740UmTz44T0Egvc+4QV9sEbO61L+aRHbpkLTJdlEGzHByZvxJmJyBYmdqeyTPwc/Zpy7c02frlpfAlyB7A==",
      "peer": true,
      "dependencies": {
        "tslib": "^2.3.0"
      },
      "engines": {
        "node": "^14.15.0 || >=16.10.0"
      },
      "peerDependencies": {
        "@angular/animations": "14.3.0",
        "@angular/common": "14.3.0",
        "@angular/core": "14.3.0"
      },
      "peerDependenciesMeta": {
        "@angular/animations": {
          "optional": true
        }
      }
    },
    "node_modules/@angular/platform-browser-dynamic": {
      "version": "14.3.0",
      "resolved": "https://registry.npmjs.org/@angular/platform-browser-dynamic/-/platform-browser-dynamic-14.3.0.tgz",
      "integrity": "sha512-rneZiMrIiYRhrkQvdL40E2ErKRn4Zdo6EtjBM9pAmWeyoM8oMnOZb9gz5vhrkNWg06kVMVg0yKqluP5How7j3A==",
      "peer": true,
      "dependencies": {
        "tslib": "^2.3.0"
      },
      "engines": {
        "node": "^14.15.0 || >=16.10.0"
      },
      "peerDependencies": {
        "@angular/common": "14.3.0",
        "@angular/compiler": "14.3.0",
        "@angular/core": "14.3.0",
        "@angular/platform-browser": "14.3.0"
      }
    },
    "node_modules/@angular/router": {
      "version": "14.3.0",
      "resolved": "https://registry.npmjs.org/@angular/router/-/router-14.3.0.tgz",
      "integrity": "sha512-uip0V7w7k7xyxxpTPbr7EuMnYLj3FzJrwkLVJSEw3TMMGHt5VU5t4BBa9veGZOta2C205XFrTAHnp8mD+XYY1w==",
      "peer": true,
      "dependencies": {
        "tslib": "^2.3.0"
      },
      "engines": {
        "node": "^14.15.0 || >=16.10.0"
      },
      "peerDependencies": {
        "@angular/common": "14.3.0",
        "@angular/core": "14.3.0",
        "@angular/platform-browser": "14.3.0",
        "rxjs": "^6.5.3 || ^7.4.0"
      }
    },
    "node_modules/@types/fs-extra": {
      "version": "11.0.4",
      "resolved": "https://registry.npmjs.org/@types/fs-extra/-/fs-extra-11.0.4.tgz",
      "integrity": "sha512-yTbItCNreRooED33qjunPthRcSjERP1r4MqCZc7wv0u2sUkzTFp45tgUfS5+r7FrZPdmCCNflLhVSP/o+SemsQ==",
      "dev": true,
      "dependencies": {
        "@types/jsonfile": "*",
        "@types/node": "*"
      }
    },
    "node_modules/@types/jsonfile": {
      "version": "6.1.4",
      "resolved": "https://registry.npmjs.org/@types/jsonfile/-/jsonfile-6.1.4.tgz",
      "integrity": "sha512-D5qGUYwjvnNNextdU59/+fI+spnwtTFmyQP0h+PfIOSkNfpU6AOICUOkm4i0OnSk+NyjdPJrxCDro0sJsWlRpQ==",
      "dev": true,
      "dependencies": {
        "@types/node": "*"
      }
    },
    "node_modules/@types/node": {
      "version": "20.9.4",
      "resolved": "https://registry.npmjs.org/@types/node/-/node-20.9.4.tgz",
      "integrity": "sha512-wmyg8HUhcn6ACjsn8oKYjkN/zUzQeNtMy44weTJSM6p4MMzEOuKbA3OjJ267uPCOW7Xex9dyrNTful8XTQYoDA==",
      "dev": true,
      "dependencies": {
        "undici-types": "~5.26.4"
      }
    },
    "node_modules/parse5": {
      "version": "5.1.1",
      "resolved": "https://registry.npmjs.org/parse5/-/parse5-5.1.1.tgz",
      "integrity": "sha512-ugq4DFI0Ptb+WWjAdOK16+u/nHfiIrcE+sh8kZMaM0WllQKLI9rOUq6c2b7cwPkXdzfQESqvoqK6ug7U/Yyzug==",
      "optional": true,
      "peer": true
    },
    "node_modules/rxjs": {
      "version": "7.5.7",
      "resolved": "https://registry.npmjs.org/rxjs/-/rxjs-7.5.7.tgz",
      "integrity": "sha512-z9MzKh/UcOqB3i20H6rtrlaE/CgjLOvheWK/9ILrbhROGTweAi1BaFsTT9FbwZi5Trr1qNRs+MXkhmR06awzQA==",
      "peer": true,
      "dependencies": {
        "tslib": "^2.1.0"
      }
    },
    "node_modules/tslib": {
      "version": "2.6.2",
      "resolved": "https://registry.npmjs.org/tslib/-/tslib-2.6.2.tgz",
      "integrity": "sha512-AEYxH93jGFPn/a2iVAwW87VuUIkR1FVUKB77NwMF7nBTDkDrrT/Hpt/IrCJ0QXhW27jTBDcf5ZY7w6RiqTMw2Q=="
    },
    "node_modules/undici-types": {
      "version": "5.26.5",
      "resolved": "https://registry.npmjs.org/undici-types/-/undici-types-5.26.5.tgz",
      "integrity": "sha512-JlCMO+ehdEIKqlFxk6IfVoAUVmgz7cU7zD/h9XZ0qzeosSHmUJVOzSQvvYSYWXkFXC+IfLKSIffhv0sVZup6pA==",
      "dev": true
    },
    "node_modules/zone.js": {
      "version": "0.11.8",
      "resolved": "https://registry.npmjs.org/zone.js/-/zone.js-0.11.8.tgz",
      "integrity": "sha512-82bctBg2hKcEJ21humWIkXRlLBBmrc3nN7DFh5LGGhcyycO2S7FN8NmdvlcKaGFDNVL4/9kFLmwmInTavdJERA==",
      "peer": true,
      "dependencies": {
        "tslib": "^2.3.0"
      }
    }
  }
}
